
Microsoft Visual Studio Solution File, Format Version 12.00
# Visual Studio Version 17
VisualStudioVersion = 17.14.36429.23 d17.14
MinimumVisualStudioVersion = 10.0.40219.1
Project("{FAE04EC0-301F-11D3-BF4B-00C04F79EFBC}") = "to do list", "to do list.csproj", "{EA7B2C6F-601A-411D-B334-4B173070DE28}"
EndProject
Global
	GlobalSection(SolutionConfigurationPlatforms) = preSolution
		Debug|Any CPU = Debug|Any CPU
		Release|Any CPU = Release|Any CPU
	EndGlobalSection
	GlobalSection(ProjectConfigurationPlatforms) = postSolution
		{EA7B2C6F-601A-411D-B334-4B173070DE28}.Debug|Any CPU.ActiveCfg = Debug|Any CPU
		{EA7B2C6F-601A-411D-B334-4B173070DE28}.Debug|Any CPU.Build.0 = Debug|Any CPU
		{EA7B2C6F-601A-411D-B334-4B173070DE28}.Release|Any CPU.ActiveCfg = Release|Any CPU
		{EA7B2C6F-601A-411D-B334-4B173070DE28}.Release|Any CPU.Build.0 = Release|Any CPU
	EndGlobalSection
	GlobalSection(SolutionProperties) = preSolution
		HideSolutionNode = FALSE
	EndGlobalSection
	GlobalSection(ExtensibilityGlobals) = postSolution
		SolutionGuid = {14F87E08-4D08-47C9-81E1-0E80D31AB09A}
	EndGlobalSection
EndGlobal
